
Microsoft Visual Studio Solution File, Format Version 12.00
# Visual Studio Version 17
VisualStudioVersion = 17.0.31919.166
MinimumVisualStudioVersion = 10.0.40219.1
Project("{9A19103F-16F7-4668-BE54-9A1E7A4F7556}") = "Teste-Gerando-Codigo", "Teste-Gerando-Codigo\Teste-Gerando-Codigo.csproj", "{1E5CD9FA-2EAC-4361-AD34-CB16093A0E69}"
EndProject
Project("{FAE04EC0-301F-11D3-BF4B-00C04F79EFBC}") = "Teste-Gerando-CodigoTests", "Teste-Gerando-CodigoTests\Teste-Gerando-CodigoTests.csproj", "{F8C04E8C-5CBD-4817-B39D-4439579F3F2B}"
EndProject
Global
	GlobalSection(SolutionConfigurationPlatforms) = preSolution
		Debug|Any CPU = Debug|Any CPU
		Release|Any CPU = Release|Any CPU
	EndGlobalSection
	GlobalSection(ProjectConfigurationPlatforms) = postSolution
		{1E5CD9FA-2EAC-4361-AD34-CB16093A0E69}.Debug|Any CPU.ActiveCfg = Debug|Any CPU
		{1E5CD9FA-2EAC-4361-AD34-CB16093A0E69}.Debug|Any CPU.Build.0 = Debug|Any CPU
		{1E5CD9FA-2EAC-4361-AD34-CB16093A0E69}.Release|Any CPU.ActiveCfg = Release|Any CPU
		{1E5CD9FA-2EAC-4361-AD34-CB16093A0E69}.Release|Any CPU.Build.0 = Release|Any CPU
		{F8C04E8C-5CBD-4817-B39D-4439579F3F2B}.Debug|Any CPU.ActiveCfg = Debug|Any CPU
		{F8C04E8C-5CBD-4817-B39D-4439579F3F2B}.Debug|Any CPU.Build.0 = Debug|Any CPU
		{F8C04E8C-5CBD-4817-B39D-4439579F3F2B}.Release|Any CPU.ActiveCfg = Release|Any CPU
		{F8C04E8C-5CBD-4817-B39D-4439579F3F2B}.Release|Any CPU.Build.0 = Release|Any CPU
	EndGlobalSection
	GlobalSection(SolutionProperties) = preSolution
		HideSolutionNode = FALSE
	EndGlobalSection
	GlobalSection(ExtensibilityGlobals) = postSolution
		SolutionGuid = {5D790662-61C3-42D0-8A7D-5174DF202A72}
	EndGlobalSection
EndGlobal
